
Microsoft Visual Studio Solution File, Format Version 12.00
# Visual Studio 15
VisualStudioVersion = 15.0.27703.1
MinimumVisualStudioVersion = 10.0.40219.1
Project("{FAE04EC0-301F-11D3-BF4B-00C04F79EFBC}") = "IVAE.MediaManipulation", "IVAE.MediaManipulation\IVAE.MediaManipulation.csproj", "{FF38B233-1568-426C-8D6E-4C75F0EA47BA}"
EndProject
Project("{FAE04EC0-301F-11D3-BF4B-00C04F79EFBC}") = "IVAeditGUI", "IVAeditGUI\IVAeditGUI.csproj", "{D70C2860-71CC-4572-8029-CA98557839C0}"
EndProject
Project("{FAE04EC0-301F-11D3-BF4B-00C04F79EFBC}") = "IVAE.UnitTests", "IVAE.UnitTests\IVAE.UnitTests.csproj", "{8EA207FE-2EDE-4BB6-9759-63AD9D6EFA6A}"
EndProject
Project("{FAE04EC0-301F-11D3-BF4B-00C04F79EFBC}") = "IVAE.RedditBot", "IVAE.RedditBot\IVAE.RedditBot.csproj", "{FA84924A-4EF2-47B8-92E7-BAFA378EB900}"
EndProject
Global
	GlobalSection(SolutionConfigurationPlatforms) = preSolution
		Debug|Any CPU = Debug|Any CPU
		Release|Any CPU = Release|Any CPU
	EndGlobalSection
	GlobalSection(ProjectConfigurationPlatforms) = postSolution
		{FF38B233-1568-426C-8D6E-4C75F0EA47BA}.Debug|Any CPU.ActiveCfg = Debug|Any CPU
		{FF38B233-1568-426C-8D6E-4C75F0EA47BA}.Debug|Any CPU.Build.0 = Debug|Any CPU
		{FF38B233-1568-426C-8D6E-4C75F0EA47BA}.Release|Any CPU.ActiveCfg = Release|Any CPU
		{FF38B233-1568-426C-8D6E-4C75F0EA47BA}.Release|Any CPU.Build.0 = Release|Any CPU
		{D70C2860-71CC-4572-8029-CA98557839C0}.Debug|Any CPU.ActiveCfg = Debug|Any CPU
		{D70C2860-71CC-4572-8029-CA98557839C0}.Debug|Any CPU.Build.0 = Debug|Any CPU
		{D70C2860-71CC-4572-8029-CA98557839C0}.Release|Any CPU.ActiveCfg = Release|Any CPU
		{D70C2860-71CC-4572-8029-CA98557839C0}.Release|Any CPU.Build.0 = Release|Any CPU
		{8EA207FE-2EDE-4BB6-9759-63AD9D6EFA6A}.Debug|Any CPU.ActiveCfg = Debug|Any CPU
		{8EA207FE-2EDE-4BB6-9759-63AD9D6EFA6A}.Debug|Any CPU.Build.0 = Debug|Any CPU
		{8EA207FE-2EDE-4BB6-9759-63AD9D6EFA6A}.Release|Any CPU.ActiveCfg = Release|Any CPU
		{FA84924A-4EF2-47B8-92E7-BAFA378EB900}.Debug|Any CPU.ActiveCfg = Debug|Any CPU
		{FA84924A-4EF2-47B8-92E7-BAFA378EB900}.Debug|Any CPU.Build.0 = Debug|Any CPU
		{FA84924A-4EF2-47B8-92E7-BAFA378EB900}.Release|Any CPU.ActiveCfg = Release|Any CPU
		{FA84924A-4EF2-47B8-92E7-BAFA378EB900}.Release|Any CPU.Build.0 = Release|Any CPU
	EndGlobalSection
	GlobalSection(SolutionProperties) = preSolution
		HideSolutionNode = FALSE
	EndGlobalSection
	GlobalSection(ExtensibilityGlobals) = postSolution
		SolutionGuid = {1BADDF8A-85A2-4E83-8483-5627983B3D6C}
	EndGlobalSection
EndGlobal
